
Microsoft Visual Studio Solution File, Format Version 12.00
# Visual Studio Version 17
VisualStudioVersion = 17.14.36518.9 d17.14
MinimumVisualStudioVersion = 10.0.40219.1
Project("{FAE04EC0-301F-11D3-BF4B-00C04F79EFBC}") = "Ejemplo StackPanel", "Ejemplo StackPanel\Ejemplo StackPanel.csproj", "{60EFE313-94ED-43A0-90CE-F2E041293E2D}"
EndProject
Global
	GlobalSection(SolutionConfigurationPlatforms) = preSolution
		Debug|Any CPU = Debug|Any CPU
		Release|Any CPU = Release|Any CPU
	EndGlobalSection
	GlobalSection(ProjectConfigurationPlatforms) = postSolution
		{60EFE313-94ED-43A0-90CE-F2E041293E2D}.Debug|Any CPU.ActiveCfg = Debug|Any CPU
		{60EFE313-94ED-43A0-90CE-F2E041293E2D}.Debug|Any CPU.Build.0 = Debug|Any CPU
		{60EFE313-94ED-43A0-90CE-F2E041293E2D}.Release|Any CPU.ActiveCfg = Release|Any CPU
		{60EFE313-94ED-43A0-90CE-F2E041293E2D}.Release|Any CPU.Build.0 = Release|Any CPU
	EndGlobalSection
	GlobalSection(SolutionProperties) = preSolution
		HideSolutionNode = FALSE
	EndGlobalSection
	GlobalSection(ExtensibilityGlobals) = postSolution
		SolutionGuid = {55794D4B-AFD7-4F54-84EC-79D956F0A5AB}
	EndGlobalSection
EndGlobal
