
Microsoft Visual Studio Solution File, Format Version 12.00
# Visual Studio Version 17
VisualStudioVersion = 17.14.36518.9 d17.14
MinimumVisualStudioVersion = 10.0.40219.1
Project("{FAE04EC0-301F-11D3-BF4B-00C04F79EFBC}") = "Controles en Grid sin filas y columnas", "Controles en Grid sin filas y columnas\Controles en Grid sin filas y columnas.csproj", "{439FDB35-2DF9-423B-A0F3-A93EA9F57E65}"
EndProject
Global
	GlobalSection(SolutionConfigurationPlatforms) = preSolution
		Debug|Any CPU = Debug|Any CPU
		Release|Any CPU = Release|Any CPU
	EndGlobalSection
	GlobalSection(ProjectConfigurationPlatforms) = postSolution
		{439FDB35-2DF9-423B-A0F3-A93EA9F57E65}.Debug|Any CPU.ActiveCfg = Debug|Any CPU
		{439FDB35-2DF9-423B-A0F3-A93EA9F57E65}.Debug|Any CPU.Build.0 = Debug|Any CPU
		{439FDB35-2DF9-423B-A0F3-A93EA9F57E65}.Release|Any CPU.ActiveCfg = Release|Any CPU
		{439FDB35-2DF9-423B-A0F3-A93EA9F57E65}.Release|Any CPU.Build.0 = Release|Any CPU
	EndGlobalSection
	GlobalSection(SolutionProperties) = preSolution
		HideSolutionNode = FALSE
	EndGlobalSection
	GlobalSection(ExtensibilityGlobals) = postSolution
		SolutionGuid = {5FC4171A-E40E-434B-8B25-2FBDCE02CE23}
	EndGlobalSection
EndGlobal
