
Microsoft Visual Studio Solution File, Format Version 12.00
# Visual Studio Version 17
VisualStudioVersion = 17.14.36518.9 d17.14
MinimumVisualStudioVersion = 10.0.40219.1
Project("{FAE04EC0-301F-11D3-BF4B-00C04F79EFBC}") = "Ejemplo2 Uniform", "Ejemplo2 Uniform\Ejemplo2 Uniform.csproj", "{CBB5C127-F175-4847-9706-8CBFCA5A61D7}"
EndProject
Global
	GlobalSection(SolutionConfigurationPlatforms) = preSolution
		Debug|Any CPU = Debug|Any CPU
		Release|Any CPU = Release|Any CPU
	EndGlobalSection
	GlobalSection(ProjectConfigurationPlatforms) = postSolution
		{CBB5C127-F175-4847-9706-8CBFCA5A61D7}.Debug|Any CPU.ActiveCfg = Debug|Any CPU
		{CBB5C127-F175-4847-9706-8CBFCA5A61D7}.Debug|Any CPU.Build.0 = Debug|Any CPU
		{CBB5C127-F175-4847-9706-8CBFCA5A61D7}.Release|Any CPU.ActiveCfg = Release|Any CPU
		{CBB5C127-F175-4847-9706-8CBFCA5A61D7}.Release|Any CPU.Build.0 = Release|Any CPU
	EndGlobalSection
	GlobalSection(SolutionProperties) = preSolution
		HideSolutionNode = FALSE
	EndGlobalSection
	GlobalSection(ExtensibilityGlobals) = postSolution
		SolutionGuid = {6FE846E2-8CBC-4C1A-8620-1437DA32A61A}
	EndGlobalSection
EndGlobal
