
Microsoft Visual Studio Solution File, Format Version 12.00
# Visual Studio Version 17
VisualStudioVersion = 17.14.36518.9 d17.14
MinimumVisualStudioVersion = 10.0.40219.1
Project("{FAE04EC0-301F-11D3-BF4B-00C04F79EFBC}") = "Ejemplo Uniform", "Ejemplo Uniform\Ejemplo Uniform.csproj", "{5397643D-A1EF-4A0D-BAE6-A08F1DB8C18F}"
EndProject
Global
	GlobalSection(SolutionConfigurationPlatforms) = preSolution
		Debug|Any CPU = Debug|Any CPU
		Release|Any CPU = Release|Any CPU
	EndGlobalSection
	GlobalSection(ProjectConfigurationPlatforms) = postSolution
		{5397643D-A1EF-4A0D-BAE6-A08F1DB8C18F}.Debug|Any CPU.ActiveCfg = Debug|Any CPU
		{5397643D-A1EF-4A0D-BAE6-A08F1DB8C18F}.Debug|Any CPU.Build.0 = Debug|Any CPU
		{5397643D-A1EF-4A0D-BAE6-A08F1DB8C18F}.Release|Any CPU.ActiveCfg = Release|Any CPU
		{5397643D-A1EF-4A0D-BAE6-A08F1DB8C18F}.Release|Any CPU.Build.0 = Release|Any CPU
	EndGlobalSection
	GlobalSection(SolutionProperties) = preSolution
		HideSolutionNode = FALSE
	EndGlobalSection
	GlobalSection(ExtensibilityGlobals) = postSolution
		SolutionGuid = {F886C63D-1E00-4B90-9074-E985B2E2D1BA}
	EndGlobalSection
EndGlobal
